
Microsoft Visual Studio Solution File, Format Version 12.00
# Visual Studio Version 16
VisualStudioVersion = 16.0.31129.286
MinimumVisualStudioVersion = 10.0.40219.1
Project("{FAE04EC0-301F-11D3-BF4B-00C04F79EFBC}") = "HtmlClass1", "HtmlClass1\HtmlClass1.csproj", "{F23D0537-33F9-4619-AE30-56726996AC70}"
EndProject
Global
	GlobalSection(SolutionConfigurationPlatforms) = preSolution
		Debug|Any CPU = Debug|Any CPU
		Release|Any CPU = Release|Any CPU
	EndGlobalSection
	GlobalSection(ProjectConfigurationPlatforms) = postSolution
		{F23D0537-33F9-4619-AE30-56726996AC70}.Debug|Any CPU.ActiveCfg = Debug|Any CPU
		{F23D0537-33F9-4619-AE30-56726996AC70}.Debug|Any CPU.Build.0 = Debug|Any CPU
		{F23D0537-33F9-4619-AE30-56726996AC70}.Release|Any CPU.ActiveCfg = Release|Any CPU
		{F23D0537-33F9-4619-AE30-56726996AC70}.Release|Any CPU.Build.0 = Release|Any CPU
	EndGlobalSection
	GlobalSection(SolutionProperties) = preSolution
		HideSolutionNode = FALSE
	EndGlobalSection
	GlobalSection(ExtensibilityGlobals) = postSolution
		SolutionGuid = {E73F87FA-BE0B-49F9-BB81-1225948C123E}
	EndGlobalSection
EndGlobal
